# THIS IS AN AUTOGENERATED FILE. DO NOT EDIT THIS FILE DIRECTLY.
# yarn lockfile v1


"@nathanvda/cocoon@^1.2.14":
  version "1.2.14"
  resolved "https://registry.yarnpkg.com/@nathanvda/cocoon/-/cocoon-1.2.14.tgz#aaea910e4b9c0d28d5bdcb7f3743617db46b09af"
  integrity sha512-WcEt2vVp50de2i7rkD4O+96O1iMtMIcTBNGPocrHfcmHDujKOngoLHFF8Ektgoh8PjwFAJMxx8WyGv0BtKTjxQ==
  dependencies:
    jquery "^3.3.1"

bootstrap@^5.2.3:
  version "5.2.3"
  resolved "https://registry.yarnpkg.com/bootstrap/-/bootstrap-5.2.3.tgz#54739f4414de121b9785c5da3c87b37ff008322b"
  integrity sha512-cEKPM+fwb3cT8NzQZYEu4HilJ3anCrWqh3CHAok1p9jXqMPsPTBhU25fBckEJHJ/p+tTxTFTsFQGM+gaHpi3QQ==

jquery@^3.3.1, jquery@^3.6.1:
  version "3.6.1"
  resolved "https://registry.yarnpkg.com/jquery/-/jquery-3.6.1.tgz#fab0408f8b45fc19f956205773b62b292c147a16"
  integrity sha512-opJeO4nCucVnsjiXOE+/PcCgYw9Gwpvs/a6B1LL/lQhwWwpbVEVYDZ1FokFr8PRc7ghYlrFPuyHuiiDNTQxmcw==

jquery_nested_form@^0.3.3:
  version "0.3.3"
  resolved "https://registry.yarnpkg.com/jquery_nested_form/-/jquery_nested_form-0.3.3.tgz#f24f79bdf2423e006016277939ff9d86e7aa316e"
  integrity sha512-6y6ngyzD+D2G4RRembajJIXruU09DDGoaeQfaddYNv/jhVzcpMesFk6yM5P2e/+ruXU934gHd/ieyaekVibsoA==

popper.js@^1.16.1:
  version "1.16.1"
  resolved "https://registry.yarnpkg.com/popper.js/-/popper.js-1.16.1.tgz#2a223cb3dc7b6213d740e40372be40de43e65b1b"
  integrity sha512-Wb4p1J4zyFTbM+u6WuO4XstYx4Ky9Cewe4DWrel7B0w6VVICvPwdOpotjzcf6eD8TsckVnIMNONQyPIUFOUbCQ==
